
Microsoft Visual Studio Solution File, Format Version 12.00
# Visual Studio 14
VisualStudioVersion = 14.0.23107.0
MinimumVisualStudioVersion = 10.0.40219.1
Project("{8BC9CEB8-8B4A-11D0-8D11-00A0C91BC942}") = "ImgCmp", "ImgCmp\ImgCmp.vcxproj", "{290E0FAF-CC44-43EE-ABAE-5938C4A6F72D}"
EndProject
Project("{FAE04EC0-301F-11D3-BF4B-00C04F79EFBC}") = "ImgCmpApiTest", "ImgCmpApiTest\ImgCmpApiTest.csproj", "{C7E48239-449E-4642-B226-9F77ECEE3766}"
EndProject
Global
	GlobalSection(SolutionConfigurationPlatforms) = preSolution
		Debug|Any CPU = Debug|Any CPU
		Debug|x64 = Debug|x64
		Debug|x86 = Debug|x86
		Release|Any CPU = Release|Any CPU
		Release|x64 = Release|x64
		Release|x86 = Release|x86
	EndGlobalSection
	GlobalSection(ProjectConfigurationPlatforms) = postSolution
		{290E0FAF-CC44-43EE-ABAE-5938C4A6F72D}.Debug|Any CPU.ActiveCfg = Debug|Win32
		{290E0FAF-CC44-43EE-ABAE-5938C4A6F72D}.Debug|x64.ActiveCfg = Debug|x64
		{290E0FAF-CC44-43EE-ABAE-5938C4A6F72D}.Debug|x64.Build.0 = Debug|x64
		{290E0FAF-CC44-43EE-ABAE-5938C4A6F72D}.Debug|x86.ActiveCfg = Debug|Win32
		{290E0FAF-CC44-43EE-ABAE-5938C4A6F72D}.Debug|x86.Build.0 = Debug|Win32
		{290E0FAF-CC44-43EE-ABAE-5938C4A6F72D}.Release|Any CPU.ActiveCfg = Release|Win32
		{290E0FAF-CC44-43EE-ABAE-5938C4A6F72D}.Release|x64.ActiveCfg = Release|x64
		{290E0FAF-CC44-43EE-ABAE-5938C4A6F72D}.Release|x64.Build.0 = Release|x64
		{290E0FAF-CC44-43EE-ABAE-5938C4A6F72D}.Release|x86.ActiveCfg = Release|Win32
		{290E0FAF-CC44-43EE-ABAE-5938C4A6F72D}.Release|x86.Build.0 = Release|Win32
		{C7E48239-449E-4642-B226-9F77ECEE3766}.Debug|Any CPU.ActiveCfg = Debug|Any CPU
		{C7E48239-449E-4642-B226-9F77ECEE3766}.Debug|Any CPU.Build.0 = Debug|Any CPU
		{C7E48239-449E-4642-B226-9F77ECEE3766}.Debug|x64.ActiveCfg = Debug|Any CPU
		{C7E48239-449E-4642-B226-9F77ECEE3766}.Debug|x64.Build.0 = Debug|Any CPU
		{C7E48239-449E-4642-B226-9F77ECEE3766}.Debug|x86.ActiveCfg = Debug|Any CPU
		{C7E48239-449E-4642-B226-9F77ECEE3766}.Debug|x86.Build.0 = Debug|Any CPU
		{C7E48239-449E-4642-B226-9F77ECEE3766}.Release|Any CPU.ActiveCfg = Release|Any CPU
		{C7E48239-449E-4642-B226-9F77ECEE3766}.Release|Any CPU.Build.0 = Release|Any CPU
		{C7E48239-449E-4642-B226-9F77ECEE3766}.Release|x64.ActiveCfg = Release|Any CPU
		{C7E48239-449E-4642-B226-9F77ECEE3766}.Release|x64.Build.0 = Release|Any CPU
		{C7E48239-449E-4642-B226-9F77ECEE3766}.Release|x86.ActiveCfg = Release|Any CPU
		{C7E48239-449E-4642-B226-9F77ECEE3766}.Release|x86.Build.0 = Release|Any CPU
	EndGlobalSection
	GlobalSection(SolutionProperties) = preSolution
		HideSolutionNode = FALSE
	EndGlobalSection
EndGlobal
